
Microsoft Visual Studio Solution File, Format Version 12.00
# Visual Studio Version 17
VisualStudioVersion = 17.3.32929.385
MinimumVisualStudioVersion = 10.0.40219.1
Project("{F2A71F9B-5D33-465A-A702-920D77279786}") = "fs_cpp_generator", "fs_cpp_generator\fs_cpp_generator.fsproj", "{864F76F3-4FEF-4642-9C40-F580174B7B30}"
EndProject
Global
	GlobalSection(SolutionConfigurationPlatforms) = preSolution
		Debug|Any CPU = Debug|Any CPU
		Release|Any CPU = Release|Any CPU
	EndGlobalSection
	GlobalSection(ProjectConfigurationPlatforms) = postSolution
		{864F76F3-4FEF-4642-9C40-F580174B7B30}.Debug|Any CPU.ActiveCfg = Debug|Any CPU
		{864F76F3-4FEF-4642-9C40-F580174B7B30}.Debug|Any CPU.Build.0 = Debug|Any CPU
		{864F76F3-4FEF-4642-9C40-F580174B7B30}.Release|Any CPU.ActiveCfg = Release|Any CPU
		{864F76F3-4FEF-4642-9C40-F580174B7B30}.Release|Any CPU.Build.0 = Release|Any CPU
	EndGlobalSection
	GlobalSection(SolutionProperties) = preSolution
		HideSolutionNode = FALSE
	EndGlobalSection
	GlobalSection(ExtensibilityGlobals) = postSolution
		SolutionGuid = {CF70FB4D-5BC5-4BC6-A35A-3CFCC5E0168F}
	EndGlobalSection
EndGlobal
